
Microsoft Visual Studio Solution File, Format Version 12.00
# Visual Studio 15
VisualStudioVersion = 15.0.26124.0
MinimumVisualStudioVersion = 15.0.26124.0
Project("{2150E333-8FDC-42A3-9474-1A3956D46DE8}") = "src", "src", "{53E672FC-A918-48F6-8B6F-CEBC07CC0BE6}"
EndProject
Project("{FAE04EC0-301F-11D3-BF4B-00C04F79EFBC}") = "CommandAPI", "src\CommandAPI\CommandAPI.csproj", "{6C06AEF2-4C71-419F-B1AB-781D597D5B86}"
EndProject
Project("{2150E333-8FDC-42A3-9474-1A3956D46DE8}") = "test", "test", "{36C00A7A-1607-4D36-BE80-49A5CCD35B0B}"
EndProject
Project("{FAE04EC0-301F-11D3-BF4B-00C04F79EFBC}") = "CommandAPI.Tests", "test\CommandAPI.Tests\CommandAPI.Tests.csproj", "{0B4F6427-E906-4715-A5EF-1C9B43926193}"
EndProject
Global
	GlobalSection(SolutionConfigurationPlatforms) = preSolution
		Debug|Any CPU = Debug|Any CPU
		Debug|x64 = Debug|x64
		Debug|x86 = Debug|x86
		Release|Any CPU = Release|Any CPU
		Release|x64 = Release|x64
		Release|x86 = Release|x86
	EndGlobalSection
	GlobalSection(SolutionProperties) = preSolution
		HideSolutionNode = FALSE
	EndGlobalSection
	GlobalSection(ProjectConfigurationPlatforms) = postSolution
		{6C06AEF2-4C71-419F-B1AB-781D597D5B86}.Debug|Any CPU.ActiveCfg = Debug|Any CPU
		{6C06AEF2-4C71-419F-B1AB-781D597D5B86}.Debug|Any CPU.Build.0 = Debug|Any CPU
		{6C06AEF2-4C71-419F-B1AB-781D597D5B86}.Debug|x64.ActiveCfg = Debug|Any CPU
		{6C06AEF2-4C71-419F-B1AB-781D597D5B86}.Debug|x64.Build.0 = Debug|Any CPU
		{6C06AEF2-4C71-419F-B1AB-781D597D5B86}.Debug|x86.ActiveCfg = Debug|Any CPU
		{6C06AEF2-4C71-419F-B1AB-781D597D5B86}.Debug|x86.Build.0 = Debug|Any CPU
		{6C06AEF2-4C71-419F-B1AB-781D597D5B86}.Release|Any CPU.ActiveCfg = Release|Any CPU
		{6C06AEF2-4C71-419F-B1AB-781D597D5B86}.Release|Any CPU.Build.0 = Release|Any CPU
		{6C06AEF2-4C71-419F-B1AB-781D597D5B86}.Release|x64.ActiveCfg = Release|Any CPU
		{6C06AEF2-4C71-419F-B1AB-781D597D5B86}.Release|x64.Build.0 = Release|Any CPU
		{6C06AEF2-4C71-419F-B1AB-781D597D5B86}.Release|x86.ActiveCfg = Release|Any CPU
		{6C06AEF2-4C71-419F-B1AB-781D597D5B86}.Release|x86.Build.0 = Release|Any CPU
		{0B4F6427-E906-4715-A5EF-1C9B43926193}.Debug|Any CPU.ActiveCfg = Debug|Any CPU
		{0B4F6427-E906-4715-A5EF-1C9B43926193}.Debug|Any CPU.Build.0 = Debug|Any CPU
		{0B4F6427-E906-4715-A5EF-1C9B43926193}.Debug|x64.ActiveCfg = Debug|Any CPU
		{0B4F6427-E906-4715-A5EF-1C9B43926193}.Debug|x64.Build.0 = Debug|Any CPU
		{0B4F6427-E906-4715-A5EF-1C9B43926193}.Debug|x86.ActiveCfg = Debug|Any CPU
		{0B4F6427-E906-4715-A5EF-1C9B43926193}.Debug|x86.Build.0 = Debug|Any CPU
		{0B4F6427-E906-4715-A5EF-1C9B43926193}.Release|Any CPU.ActiveCfg = Release|Any CPU
		{0B4F6427-E906-4715-A5EF-1C9B43926193}.Release|Any CPU.Build.0 = Release|Any CPU
		{0B4F6427-E906-4715-A5EF-1C9B43926193}.Release|x64.ActiveCfg = Release|Any CPU
		{0B4F6427-E906-4715-A5EF-1C9B43926193}.Release|x64.Build.0 = Release|Any CPU
		{0B4F6427-E906-4715-A5EF-1C9B43926193}.Release|x86.ActiveCfg = Release|Any CPU
		{0B4F6427-E906-4715-A5EF-1C9B43926193}.Release|x86.Build.0 = Release|Any CPU
	EndGlobalSection
	GlobalSection(NestedProjects) = preSolution
		{6C06AEF2-4C71-419F-B1AB-781D597D5B86} = {53E672FC-A918-48F6-8B6F-CEBC07CC0BE6}
		{0B4F6427-E906-4715-A5EF-1C9B43926193} = {36C00A7A-1607-4D36-BE80-49A5CCD35B0B}
	EndGlobalSection
EndGlobal
